
Microsoft Visual Studio Solution File, Format Version 12.00
# Visual Studio Version 17
VisualStudioVersion = 17.0.31903.59
MinimumVisualStudioVersion = 10.0.40219.1
Project("{9A19103F-16F7-4668-BE54-9A1E7A4F7556}") = "FinX.Domain", "FinX.Domain\FinX.Domain.csproj", "{B7090FC5-2D8E-49BF-B2D4-B65D0BA62A08}"
EndProject
Project("{9A19103F-16F7-4668-BE54-9A1E7A4F7556}") = "FinX.Application", "FinX.Application\FinX.Application.csproj", "{24EBE6BE-1F7D-4D4D-81F4-1C313BBCDC1F}"
EndProject
Project("{9A19103F-16F7-4668-BE54-9A1E7A4F7556}") = "FinX.Infrastructure", "FinX.Infrastructure\FinX.Infrastructure.csproj", "{8DA100D0-5F09-4233-BD5B-4DACA77CBF0E}"
EndProject
Project("{9A19103F-16F7-4668-BE54-9A1E7A4F7556}") = "FinX.API", "FinX.API\FinX.API.csproj", "{9F23D215-27B8-4637-9CCC-FD90EB8F9C91}"
EndProject
Project("{9A19103F-16F7-4668-BE54-9A1E7A4F7556}") = "FinX.Tests", "FinX.Tests\FinX.Tests.csproj", "{F04931DE-8590-4303-8238-99144D41DE08}"
EndProject
Global
	GlobalSection(SolutionConfigurationPlatforms) = preSolution
		Debug|Any CPU = Debug|Any CPU
		Release|Any CPU = Release|Any CPU
	EndGlobalSection
	GlobalSection(ProjectConfigurationPlatforms) = postSolution
		{B7090FC5-2D8E-49BF-B2D4-B65D0BA62A08}.Debug|Any CPU.ActiveCfg = Debug|Any CPU
		{B7090FC5-2D8E-49BF-B2D4-B65D0BA62A08}.Debug|Any CPU.Build.0 = Debug|Any CPU
		{B7090FC5-2D8E-49BF-B2D4-B65D0BA62A08}.Release|Any CPU.ActiveCfg = Release|Any CPU
		{B7090FC5-2D8E-49BF-B2D4-B65D0BA62A08}.Release|Any CPU.Build.0 = Release|Any CPU
		{24EBE6BE-1F7D-4D4D-81F4-1C313BBCDC1F}.Debug|Any CPU.ActiveCfg = Debug|Any CPU
		{24EBE6BE-1F7D-4D4D-81F4-1C313BBCDC1F}.Debug|Any CPU.Build.0 = Debug|Any CPU
		{24EBE6BE-1F7D-4D4D-81F4-1C313BBCDC1F}.Release|Any CPU.ActiveCfg = Release|Any CPU
		{24EBE6BE-1F7D-4D4D-81F4-1C313BBCDC1F}.Release|Any CPU.Build.0 = Release|Any CPU
		{8DA100D0-5F09-4233-BD5B-4DACA77CBF0E}.Debug|Any CPU.ActiveCfg = Debug|Any CPU
		{8DA100D0-5F09-4233-BD5B-4DACA77CBF0E}.Debug|Any CPU.Build.0 = Debug|Any CPU
		{8DA100D0-5F09-4233-BD5B-4DACA77CBF0E}.Release|Any CPU.ActiveCfg = Release|Any CPU
		{8DA100D0-5F09-4233-BD5B-4DACA77CBF0E}.Release|Any CPU.Build.0 = Release|Any CPU
		{9F23D215-27B8-4637-9CCC-FD90EB8F9C91}.Debug|Any CPU.ActiveCfg = Debug|Any CPU
		{9F23D215-27B8-4637-9CCC-FD90EB8F9C91}.Debug|Any CPU.Build.0 = Debug|Any CPU
		{9F23D215-27B8-4637-9CCC-FD90EB8F9C91}.Release|Any CPU.ActiveCfg = Release|Any CPU
		{9F23D215-27B8-4637-9CCC-FD90EB8F9C91}.Release|Any CPU.Build.0 = Release|Any CPU
		{F04931DE-8590-4303-8238-99144D41DE08}.Debug|Any CPU.ActiveCfg = Debug|Any CPU
		{F04931DE-8590-4303-8238-99144D41DE08}.Debug|Any CPU.Build.0 = Debug|Any CPU
		{F04931DE-8590-4303-8238-99144D41DE08}.Release|Any CPU.ActiveCfg = Release|Any CPU
		{F04931DE-8590-4303-8238-99144D41DE08}.Release|Any CPU.Build.0 = Release|Any CPU
	EndGlobalSection
	GlobalSection(SolutionProperties) = preSolution
		HideSolutionNode = FALSE
	EndGlobalSection
	GlobalSection(ExtensibilityGlobals) = postSolution
		SolutionGuid = {3C8C6CFA-17F8-446F-8925-E786BEB2EF55}
	EndGlobalSection
EndGlobal
